
Microsoft Visual Studio Solution File, Format Version 12.00
# Visual Studio 14
VisualStudioVersion = 14.0.24720.0
MinimumVisualStudioVersion = 10.0.40219.1
Project("{FAE04EC0-301F-11D3-BF4B-00C04F79EFBC}") = "MainForm", "MainForm\MainForm.csproj", "{3B807926-0D02-4035-B50D-7511041929C4}"
EndProject
Project("{FAE04EC0-301F-11D3-BF4B-00C04F79EFBC}") = "FireflyAlgorithm", "FireflyAlgorithm\FireflyAlgorithm.csproj", "{6088312D-6912-43F8-A6FD-34180789B67B}"
EndProject
Global
	GlobalSection(SolutionConfigurationPlatforms) = preSolution
		Debug|Any CPU = Debug|Any CPU
		Release|Any CPU = Release|Any CPU
	EndGlobalSection
	GlobalSection(ProjectConfigurationPlatforms) = postSolution
		{3B807926-0D02-4035-B50D-7511041929C4}.Debug|Any CPU.ActiveCfg = Debug|Any CPU
		{3B807926-0D02-4035-B50D-7511041929C4}.Debug|Any CPU.Build.0 = Debug|Any CPU
		{3B807926-0D02-4035-B50D-7511041929C4}.Release|Any CPU.ActiveCfg = Release|Any CPU
		{3B807926-0D02-4035-B50D-7511041929C4}.Release|Any CPU.Build.0 = Release|Any CPU
		{6088312D-6912-43F8-A6FD-34180789B67B}.Debug|Any CPU.ActiveCfg = Debug|Any CPU
		{6088312D-6912-43F8-A6FD-34180789B67B}.Debug|Any CPU.Build.0 = Debug|Any CPU
		{6088312D-6912-43F8-A6FD-34180789B67B}.Release|Any CPU.ActiveCfg = Release|Any CPU
		{6088312D-6912-43F8-A6FD-34180789B67B}.Release|Any CPU.Build.0 = Release|Any CPU
	EndGlobalSection
	GlobalSection(SolutionProperties) = preSolution
		HideSolutionNode = FALSE
	EndGlobalSection
EndGlobal
